{
  "lockfile_version": "1",
  "packages": {
    "bun@1.3.13": {
      "last_modified": "2026-05-21T08:15:18Z",
      "resolved": "github:NixOS/nixpkgs/4a29d733e8a7d5b824c3d8c958a946a9867b3eb2#bun",
      "source": "devbox-search",
      "version": "1.3.13",
      "systems": {
        "aarch64-darwin": {
          "outputs": [
            {
              "name": "out",
              "path": "/nix/store/jgl1hjr0cf6s32jcnqmkp44av4flamap-bun-1.3.13",
              "default": true
            }
          ],
          "store_path": "/nix/store/jgl1hjr0cf6s32jcnqmkp44av4flamap-bun-1.3.13"
        },
        "aarch64-linux": {
          "outputs": [
            {
              "name": "out",
              "path": "/nix/store/ywc7zrq5vr32ashfgc7dp84a2f3rzic6-bun-1.3.13",
              "default": true
            }
          ],
          "store_path": "/nix/store/ywc7zrq5vr32ashfgc7dp84a2f3rzic6-bun-1.3.13"
        },
        "x86_64-darwin": {
          "outputs": [
            {
              "name": "out",
              "path": "/nix/store/1nphhxm1h3pya9j86kql2gpsvy6nizr4-bun-1.3.13",
              "default": true
            }
          ],
          "store_path": "/nix/store/1nphhxm1h3pya9j86kql2gpsvy6nizr4-bun-1.3.13"
        },
        "x86_64-linux": {
          "outputs": [
            {
              "name": "out",
              "path": "/nix/store/z1cxjx705fswwjjns0sw2ysbd5jqxfgm-bun-1.3.13",
              "default": true
            }
          ],
          "store_path": "/nix/store/z1cxjx705fswwjjns0sw2ysbd5jqxfgm-bun-1.3.13"
        }
      }
    },
    "github:NixOS/nixpkgs/nixpkgs-unstable": {
      "last_modified": "2026-04-10T03:55:24Z",
      "resolved": "github:NixOS/nixpkgs/9d29d5f667d7467f98efc31881e824fa586c927e?lastModified=1775793324"
    },
    "lychee@0.24.2": {
      "last_modified": "2026-08-12T11:28:58Z",
      "resolved": "github:NixOS/nixpkgs/044bfe75bfe4c7bbe043dc17b5e42ea823b84a09#lychee",
      "source": "devbox-search",
      "version": "0.24.2",
      "systems": {
        "aarch64-darwin": {
          "outputs": [
            {
              "name": "out",
              "path": "/nix/store/cap4l3wrcgx38hxr9j3kxafl5ip0yh63-lychee-0.24.2",
              "default": true
            }
          ],
          "store_path": "/nix/store/cap4l3wrcgx38hxr9j3kxafl5ip0yh63-lychee-0.24.2"
        },
        "aarch64-linux": {
          "outputs": [
            {
              "name": "out",
              "path": "/nix/store/k0kc1n2jhnavf8507k0zx167imk1anmv-lychee-0.24.2",
              "default": true
            }
          ],
          "store_path": "/nix/store/k0kc1n2jhnavf8507k0zx167imk1anmv-lychee-0.24.2"
        },
        "x86_64-darwin": {
          "outputs": [
            {
              "name": "out",
              "path": "/nix/store/wrkqg7j3wqg6hfrmx7cyvaiirwfxla5y-lychee-0.24.2",
              "default": true
            }
          ],
          "store_path": "/nix/store/wrkqg7j3wqg6hfrmx7cyvaiirwfxla5y-lychee-0.24.2"
        },
        "x86_64-linux": {
          "outputs": [
            {
              "name": "out",
              "path": "/nix/store/yqhy56a20magjp6k7i8ay33mgkj1x5da-lychee-0.24.2",
              "default": true
            }
          ],
          "store_path": "/nix/store/yqhy56a20magjp6k7i8ay33mgkj1x5da-lychee-0.24.2"
        }
      }
    }
  }
}
